<?xml version="1.0" encoding="utf-8"?>
<Project ToolsVersion="4.0" xmlns="http://schemas.microsoft.com/developer/msbuild/2003">
  <ItemGroup>
    <Filter Include="소스 파일">
      <UniqueIdentifier>{4FC737F1-C7A5-4376-A066-2A32D752A2FF}</UniqueIdentifier>
      <Extensions>cpp;c;cc;cxx;c++;cppm;ixx;def;odl;idl;hpj;bat;asm;asmx</Extensions>
    </Filter>
    <Filter Include="헤더 파일">
      <UniqueIdentifier>{93995380-89BD-4b04-88EB-625FBE52EBFB}</UniqueIdentifier>
      <Extensions>h;hh;hpp;hxx;h++;hm;inl;inc;ipp;xsd</Extensions>
    </Filter>
    <Filter Include="리소스 파일">
      <UniqueIdentifier>{67DA6AB6-F800-4c08-8B7A-83BB121AAD01}</UniqueIdentifier>
      <Extensions>rc;ico;cur;bmp;dlg;rc2;rct;bin;rgs;gif;jpg;jpeg;jpe;resx;tiff;tif;png;wav;mfcribbon-ms</Extensions>
    </Filter>
    <Filter Include="헤더 파일\Headers">
      <UniqueIdentifier>{ef5fd162-6b5c-49d0-8255-788eb6b6ee3d}</UniqueIdentifier>
    </Filter>
    <Filter Include="헤더 파일\Include">
      <UniqueIdentifier>{6dbca4c0-7aa8-4050-bbe9-67f55e8aad10}</UniqueIdentifier>
    </Filter>
    <Filter Include="소스 파일\00. MainUpdate">
      <UniqueIdentifier>{e5472297-e5a2-4b79-b817-03a6d50d4e4c}</UniqueIdentifier>
    </Filter>
    <Filter Include="소스 파일\01. Scene">
      <UniqueIdentifier>{620c74d1-e0e9-4408-ade2-2090f36ab703}</UniqueIdentifier>
    </Filter>
    <Filter Include="소스 파일\02. Object">
      <UniqueIdentifier>{cd86b791-9607-4854-a72a-c7c1f3b67ad3}</UniqueIdentifier>
    </Filter>
    <Filter Include="소스 파일\99. Manager">
      <UniqueIdentifier>{528f4a16-c921-44b1-bd97-df01b3ef6afe}</UniqueIdentifier>
    </Filter>
    <Filter Include="소스 파일\02. Object\Bullet">
      <UniqueIdentifier>{4d4cae93-b402-4d99-a224-cf1f3e70561d}</UniqueIdentifier>
    </Filter>
    <Filter Include="소스 파일\02. Object\Enemy">
      <UniqueIdentifier>{9e9fa57f-d103-42b8-be2f-41886baa06b7}</UniqueIdentifier>
    </Filter>
    <Filter Include="소스 파일\02. Object\Player">
      <UniqueIdentifier>{154719d2-b392-4916-b824-2d486f13f7c9}</UniqueIdentifier>
    </Filter>
    <Filter Include="소스 파일\01. Scene\Logo">
      <UniqueIdentifier>{aee341b7-0f14-4410-a5dc-b23d58806f1d}</UniqueIdentifier>
    </Filter>
    <Filter Include="소스 파일\01. Scene\Menu">
      <UniqueIdentifier>{f00153ca-a01d-41c7-95e8-d545b5d89af9}</UniqueIdentifier>
    </Filter>
    <Filter Include="소스 파일\01. Scene\Stage">
      <UniqueIdentifier>{ee27c478-e81d-4892-b8c1-a05f959bd967}</UniqueIdentifier>
    </Filter>
    <Filter Include="소스 파일\99. Manager\InputManager">
      <UniqueIdentifier>{5ef9eb4c-6e6c-49fa-ba3f-002a58fbc8cc}</UniqueIdentifier>
    </Filter>
    <Filter Include="소스 파일\99. Manager\ObjectFactory">
      <UniqueIdentifier>{00362abf-c076-475c-88cd-c2f15a0aa28b}</UniqueIdentifier>
    </Filter>
    <Filter Include="소스 파일\99. Manager\ObjectManager">
      <UniqueIdentifier>{232bd2c2-5e3f-4a42-96ef-cc7ccf669a57}</UniqueIdentifier>
    </Filter>
    <Filter Include="소스 파일\99. Manager\SceneManager">
      <UniqueIdentifier>{ee2207fc-57d4-4479-87ff-c58ef98f3d7c}</UniqueIdentifier>
    </Filter>
    <Filter Include="소스 파일\99. Manager\Pattern">
      <UniqueIdentifier>{a548b184-b91c-43b8-b826-f659ca020231}</UniqueIdentifier>
    </Filter>
    <Filter Include="소스 파일\99. Manager\Pattern\Prototype">
      <UniqueIdentifier>{ab15e6f0-9797-4dd6-8569-a7ad3dd1b12f}</UniqueIdentifier>
    </Filter>
    <Filter Include="소스 파일\99. Manager\CollisionManager">
      <UniqueIdentifier>{bfd29dc4-8124-47ff-a70c-a694a76d0c90}</UniqueIdentifier>
    </Filter>
    <Filter Include="소스 파일\99. Manager\MathManager">
      <UniqueIdentifier>{137836cd-84c4-4169-b9e4-6d74da496c31}</UniqueIdentifier>
    </Filter>
    <Filter Include="소스 파일\99. Manager\RenderManager">
      <UniqueIdentifier>{84c92547-6995-4512-be12-1aa8f8d0f0d1}</UniqueIdentifier>
    </Filter>
    <Filter Include="소스 파일\99. Manager\RenderManager\Bitmap">
      <UniqueIdentifier>{5c0e7c88-281f-4729-920c-d9021fd496fb}</UniqueIdentifier>
    </Filter>
    <Filter Include="소스 파일\02. Object\Stage_Back">
      <UniqueIdentifier>{2c929ed0-c929-4160-958b-ae0494390414}</UniqueIdentifier>
    </Filter>
    <Filter Include="소스 파일\99. Manager\Pattern\Bridge">
      <UniqueIdentifier>{c4d1bd83-aff2-4aa2-8d00-d8d24fc923b9}</UniqueIdentifier>
    </Filter>
    <Filter Include="소스 파일\02. Object\Bullet\BulletBridge">
      <UniqueIdentifier>{c10b6be3-1b0a-465f-b4ef-f7853c366814}</UniqueIdentifier>
    </Filter>
    <Filter Include="소스 파일\02. Object\UI">
      <UniqueIdentifier>{2165b69e-4544-4d99-8ffa-c6ba2056bc5a}</UniqueIdentifier>
    </Filter>
    <Filter Include="소스 파일\02. Object\UI\MyButton">
      <UniqueIdentifier>{ae79624f-0aef-49f0-8d40-c3d54972df1d}</UniqueIdentifier>
    </Filter>
    <Filter Include="소스 파일\02. Object\Stage_Back\BackGround">
      <UniqueIdentifier>{33fe7de2-0f71-4568-bf2d-5c75f3524bde}</UniqueIdentifier>
    </Filter>
    <Filter Include="소스 파일\02. Object\Stage_Back\Stage_Back">
      <UniqueIdentifier>{0f6d6261-4df9-4399-981b-05b3eadbf7cf}</UniqueIdentifier>
    </Filter>
    <Filter Include="소스 파일\02. Object\Enemy\EnemyBridge">
      <UniqueIdentifier>{2408c45a-55f1-4b75-8691-438b462cf5af}</UniqueIdentifier>
    </Filter>
    <Filter Include="소스 파일\02. Object\Bullet\BulletBridge\Reimu_Bullet">
      <UniqueIdentifier>{d95cb87d-7b24-4b34-8701-f77217289868}</UniqueIdentifier>
    </Filter>
    <Filter Include="소스 파일\02. Object\Bullet\BulletBridge\Reimu_Bullet\LV1_Bullet">
      <UniqueIdentifier>{8158568a-9e7a-4da1-884a-02e88d0557b9}</UniqueIdentifier>
    </Filter>
    <Filter Include="소스 파일\02. Object\Bullet\BulletBridge\Reimu_Bullet\LV2_Bullet">
      <UniqueIdentifier>{f5081bb9-7484-4b3b-b72d-24b28c7084c0}</UniqueIdentifier>
    </Filter>
    <Filter Include="소스 파일\02. Object\Bullet\BulletBridge\Yukari_Bullet">
      <UniqueIdentifier>{8ba99e07-255a-4b20-a68e-d108010e63db}</UniqueIdentifier>
    </Filter>
    <Filter Include="소스 파일\02. Object\Stage_Back\Start">
      <UniqueIdentifier>{58e08f2f-afe3-4cb8-a883-78cbf69a22d4}</UniqueIdentifier>
    </Filter>
    <Filter Include="소스 파일\02. Object\Enemy\BaseEnemy">
      <UniqueIdentifier>{06e5031d-b551-4293-aec0-6063a025de47}</UniqueIdentifier>
    </Filter>
    <Filter Include="소스 파일\02. Object\Bullet\BaseBullet">
      <UniqueIdentifier>{cce9fec5-3e37-4efe-81f4-10e33a9825cc}</UniqueIdentifier>
    </Filter>
    <Filter Include="소스 파일\02. Object\Enemy\EnemyBridge\BaseBridge">
      <UniqueIdentifier>{2e971905-db69-4d0f-9fda-2e386f0ce106}</UniqueIdentifier>
    </Filter>
    <Filter Include="소스 파일\02. Object\Bullet\BulletBridge\BaseBridge">
      <UniqueIdentifier>{7d1fbe9b-aa69-49a9-8628-81414f467227}</UniqueIdentifier>
    </Filter>
    <Filter Include="소스 파일\02. Object\Enemy\EnemyBridge\Boss">
      <UniqueIdentifier>{5680935e-efbf-43ef-aa99-489945fca12a}</UniqueIdentifier>
    </Filter>
    <Filter Include="소스 파일\02. Object\Enemy\EnemyBridge\FairyEnemy">
      <UniqueIdentifier>{dd02dfca-7392-49b3-bc9f-73500d2e1699}</UniqueIdentifier>
    </Filter>
    <Filter Include="소스 파일\02. Object\Item">
      <UniqueIdentifier>{d38e01a5-fadd-4125-8918-ee0b5771e857}</UniqueIdentifier>
    </Filter>
    <Filter Include="소스 파일\02. Object\Item\BaseItem">
      <UniqueIdentifier>{e693f611-3268-4a3a-821f-6dcf37c0b94b}</UniqueIdentifier>
    </Filter>
    <Filter Include="소스 파일\02. Object\Item\ItemBirdge">
      <UniqueIdentifier>{fa92bafb-e9e6-43f9-b047-50eb29907a91}</UniqueIdentifier>
    </Filter>
    <Filter Include="소스 파일\02. Object\Item\ItemBirdge\BaseBrodge">
      <UniqueIdentifier>{28b5fae2-4180-4dc6-bff4-c99c25fd16c3}</UniqueIdentifier>
    </Filter>
    <Filter Include="소스 파일\02. Object\Item\ItemBirdge\Power">
      <UniqueIdentifier>{b9e828fd-ddd6-487b-bd1a-abeec00ceb04}</UniqueIdentifier>
    </Filter>
    <Filter Include="소스 파일\02. Object\Item\ItemBirdge\Boom">
      <UniqueIdentifier>{19608574-fa5c-4806-82f3-3978f76fcb30}</UniqueIdentifier>
    </Filter>
    <Filter Include="소스 파일\99. Manager\ScoreManager">
      <UniqueIdentifier>{12f6228d-317e-4cb7-a7e6-05bc3d7b66d6}</UniqueIdentifier>
    </Filter>
    <Filter Include="소스 파일\02. Object\ScheduleManager">
      <UniqueIdentifier>{b164ce41-8c27-451e-88a0-28c678a7894f}</UniqueIdentifier>
    </Filter>
    <Filter Include="소스 파일\02. Object\Bullet\BulletBridge\Monster_Bullet">
      <UniqueIdentifier>{655d7abc-5fe8-42d0-96a6-8d380c4fcfb2}</UniqueIdentifier>
    </Filter>
    <Filter Include="소스 파일\02. Object\Bullet\BulletBridge\Ellipse_Bullet">
      <UniqueIdentifier>{2707878b-73d6-45c1-928f-c6ec69527bfb}</UniqueIdentifier>
    </Filter>
    <Filter Include="소스 파일\02. Object\UI\UI_Hp">
      <UniqueIdentifier>{74638ad8-40b3-40a6-a72b-6353895008d5}</UniqueIdentifier>
    </Filter>
    <Filter Include="소스 파일\02. Object\Bullet\BulletBridge\Reimu_Boom">
      <UniqueIdentifier>{da59b7e2-32a1-4b7b-a310-885c8db482f2}</UniqueIdentifier>
    </Filter>
    <Filter Include="소스 파일\02. Object\UI\Chat">
      <UniqueIdentifier>{7305bc22-ef60-4906-b2e0-3d27b9e2e805}</UniqueIdentifier>
    </Filter>
    <Filter Include="소스 파일\02. Object\Enemy\EnemyBridge\FairyEnemy1">
      <UniqueIdentifier>{22f3da88-fbe4-48a2-a84a-39bcc7457d89}</UniqueIdentifier>
    </Filter>
    <Filter Include="소스 파일\02. Object\Enemy\EnemyBridge\FairyEnemy2">
      <UniqueIdentifier>{5fe5fe76-8629-4af4-96a3-c3fc6face966}</UniqueIdentifier>
    </Filter>
  </ItemGroup>
  <ItemGroup>
    <ClInclude Include="API_Framework.h">
      <Filter>헤더 파일\Headers</Filter>
    </ClInclude>
    <ClInclude Include="framework.h">
      <Filter>헤더 파일\Headers</Filter>
    </ClInclude>
    <ClInclude Include="Resource.h">
      <Filter>헤더 파일\Headers</Filter>
    </ClInclude>
    <ClInclude Include="targetver.h">
      <Filter>헤더 파일\Headers</Filter>
    </ClInclude>
    <ClInclude Include="Struct.h">
      <Filter>헤더 파일\Include</Filter>
    </ClInclude>
    <ClInclude Include="Enum.h">
      <Filter>헤더 파일\Include</Filter>
    </ClInclude>
    <ClInclude Include="Define.h">
      <Filter>헤더 파일\Include</Filter>
    </ClInclude>
    <ClInclude Include="Constant.h">
      <Filter>헤더 파일\Include</Filter>
    </ClInclude>
    <ClInclude Include="MainUpdate.h">
      <Filter>소스 파일\00. MainUpdate</Filter>
    </ClInclude>
    <ClInclude Include="Scene.h">
      <Filter>소스 파일\01. Scene</Filter>
    </ClInclude>
    <ClInclude Include="Object.h">
      <Filter>소스 파일\02. Object</Filter>
    </ClInclude>
    <ClInclude Include="Player.h">
      <Filter>소스 파일\02. Object\Player</Filter>
    </ClInclude>
    <ClInclude Include="Logo.h">
      <Filter>소스 파일\01. Scene\Logo</Filter>
    </ClInclude>
    <ClInclude Include="Menu.h">
      <Filter>소스 파일\01. Scene\Menu</Filter>
    </ClInclude>
    <ClInclude Include="Stage.h">
      <Filter>소스 파일\01. Scene\Stage</Filter>
    </ClInclude>
    <ClInclude Include="InputManager.h">
      <Filter>소스 파일\99. Manager\InputManager</Filter>
    </ClInclude>
    <ClInclude Include="ObjectFactory.h">
      <Filter>소스 파일\99. Manager\ObjectFactory</Filter>
    </ClInclude>
    <ClInclude Include="ObjectManager.h">
      <Filter>소스 파일\99. Manager\ObjectManager</Filter>
    </ClInclude>
    <ClInclude Include="Prototype.h">
      <Filter>소스 파일\99. Manager\Pattern\Prototype</Filter>
    </ClInclude>
    <ClInclude Include="SceneManager.h">
      <Filter>소스 파일\99. Manager\SceneManager</Filter>
    </ClInclude>
    <ClInclude Include="CollisionManager.h">
      <Filter>소스 파일\99. Manager\CollisionManager</Filter>
    </ClInclude>
    <ClInclude Include="MathManager.h">
      <Filter>소스 파일\99. Manager\MathManager</Filter>
    </ClInclude>
    <ClInclude Include="RenderManager.h">
      <Filter>소스 파일\99. Manager\RenderManager</Filter>
    </ClInclude>
    <ClInclude Include="Bitmap.h">
      <Filter>소스 파일\99. Manager\RenderManager\Bitmap</Filter>
    </ClInclude>
    <ClInclude Include="Headers.h">
      <Filter>헤더 파일</Filter>
    </ClInclude>
    <ClInclude Include="Bridge.h">
      <Filter>소스 파일\99. Manager\Pattern\Bridge</Filter>
    </ClInclude>
    <ClInclude Include="LV1_Bullet.h">
      <Filter>소스 파일\02. Object\Bullet\BulletBridge\Reimu_Bullet\LV1_Bullet</Filter>
    </ClInclude>
    <ClInclude Include="MyButton.h">
      <Filter>소스 파일\02. Object\UI\MyButton</Filter>
    </ClInclude>
    <ClInclude Include="LV2_Bullet.h">
      <Filter>소스 파일\02. Object\Bullet\BulletBridge\Reimu_Bullet\LV2_Bullet</Filter>
    </ClInclude>
    <ClInclude Include="Yukari_Bullet.h">
      <Filter>소스 파일\02. Object\Bullet\BulletBridge\Yukari_Bullet</Filter>
    </ClInclude>
    <ClInclude Include="BackGround.h">
      <Filter>소스 파일\02. Object\Stage_Back\BackGround</Filter>
    </ClInclude>
    <ClInclude Include="Stage_Back.h">
      <Filter>소스 파일\02. Object\Stage_Back\Stage_Back</Filter>
    </ClInclude>
    <ClInclude Include="BulletBridge.h">
      <Filter>소스 파일\02. Object\Bullet\BulletBridge\BaseBridge</Filter>
    </ClInclude>
    <ClInclude Include="Bullet.h">
      <Filter>소스 파일\02. Object\Bullet\BaseBullet</Filter>
    </ClInclude>
    <ClInclude Include="Enemy.h">
      <Filter>소스 파일\02. Object\Enemy\BaseEnemy</Filter>
    </ClInclude>
    <ClInclude Include="EnemyBridge.h">
      <Filter>소스 파일\02. Object\Enemy\EnemyBridge\BaseBridge</Filter>
    </ClInclude>
    <ClInclude Include="FairyEnemy.h">
      <Filter>소스 파일\02. Object\Enemy\EnemyBridge\FairyEnemy</Filter>
    </ClInclude>
    <ClInclude Include="aaa.h">
      <Filter>소스 파일\00. MainUpdate</Filter>
    </ClInclude>
    <ClInclude Include="Start.h">
      <Filter>소스 파일\02. Object\Stage_Back\Start</Filter>
    </ClInclude>
    <ClInclude Include="Boss.h">
      <Filter>소스 파일\02. Object\Enemy\EnemyBridge\Boss</Filter>
    </ClInclude>
    <ClInclude Include="Item.h">
      <Filter>소스 파일\02. Object\Item\BaseItem</Filter>
    </ClInclude>
    <ClInclude Include="ItemBirdge.h">
      <Filter>소스 파일\02. Object\Item\ItemBirdge\BaseBrodge</Filter>
    </ClInclude>
    <ClInclude Include="Power.h">
      <Filter>소스 파일\02. Object\Item\ItemBirdge\Power</Filter>
    </ClInclude>
    <ClInclude Include="Boom.h">
      <Filter>소스 파일\02. Object\Item\ItemBirdge\Boom</Filter>
    </ClInclude>
    <ClInclude Include="ScoreManager.h">
      <Filter>소스 파일\99. Manager\ScoreManager</Filter>
    </ClInclude>
    <ClInclude Include="ScheduleManager.h">
      <Filter>소스 파일\02. Object\ScheduleManager</Filter>
    </ClInclude>
    <ClInclude Include="Monster_Bullet.h">
      <Filter>소스 파일\02. Object\Bullet\BulletBridge\Monster_Bullet</Filter>
    </ClInclude>
    <ClInclude Include="Ellipse_Bullet.h">
      <Filter>소스 파일\02. Object\Bullet\BulletBridge\Ellipse_Bullet</Filter>
    </ClInclude>
    <ClInclude Include="UI_Hp.h">
      <Filter>소스 파일\02. Object\UI\UI_Hp</Filter>
    </ClInclude>
    <ClInclude Include="Reimu_Boom.h">
      <Filter>소스 파일\02. Object\Bullet\BulletBridge\Reimu_Boom</Filter>
    </ClInclude>
    <ClInclude Include="Chat.h">
      <Filter>소스 파일\02. Object\UI\Chat</Filter>
    </ClInclude>
    <ClInclude Include="FairyEnemy1.h">
      <Filter>소스 파일\02. Object\Enemy\EnemyBridge\FairyEnemy1</Filter>
    </ClInclude>
    <ClInclude Include="FairyEnemy2.h">
      <Filter>소스 파일\02. Object\Enemy\EnemyBridge\FairyEnemy2</Filter>
    </ClInclude>
  </ItemGroup>
  <ItemGroup>
    <ClCompile Include="API_Framework.cpp">
      <Filter>소스 파일</Filter>
    </ClCompile>
    <ClCompile Include="MainUpdate.cpp">
      <Filter>소스 파일\00. MainUpdate</Filter>
    </ClCompile>
    <ClCompile Include="Scene.cpp">
      <Filter>소스 파일\01. Scene</Filter>
    </ClCompile>
    <ClCompile Include="Object.cpp">
      <Filter>소스 파일\02. Object</Filter>
    </ClCompile>
    <ClCompile Include="Player.cpp">
      <Filter>소스 파일\02. Object\Player</Filter>
    </ClCompile>
    <ClCompile Include="Logo.cpp">
      <Filter>소스 파일\01. Scene\Logo</Filter>
    </ClCompile>
    <ClCompile Include="Menu.cpp">
      <Filter>소스 파일\01. Scene\Menu</Filter>
    </ClCompile>
    <ClCompile Include="Stage.cpp">
      <Filter>소스 파일\01. Scene\Stage</Filter>
    </ClCompile>
    <ClCompile Include="InputManager.cpp">
      <Filter>소스 파일\99. Manager\InputManager</Filter>
    </ClCompile>
    <ClCompile Include="ObjectManager.cpp">
      <Filter>소스 파일\99. Manager\ObjectManager</Filter>
    </ClCompile>
    <ClCompile Include="Prototype.cpp">
      <Filter>소스 파일\99. Manager\Pattern\Prototype</Filter>
    </ClCompile>
    <ClCompile Include="SceneManager.cpp">
      <Filter>소스 파일\99. Manager\SceneManager</Filter>
    </ClCompile>
    <ClCompile Include="MathManager.cpp">
      <Filter>소스 파일\99. Manager\MathManager</Filter>
    </ClCompile>
    <ClCompile Include="RenderManager.cpp">
      <Filter>소스 파일\99. Manager\RenderManager</Filter>
    </ClCompile>
    <ClCompile Include="Bitmap.cpp">
      <Filter>소스 파일\99. Manager\RenderManager\Bitmap</Filter>
    </ClCompile>
    <ClCompile Include="Bridge.cpp">
      <Filter>소스 파일\99. Manager\Pattern\Bridge</Filter>
    </ClCompile>
    <ClCompile Include="LV1_Bullet.cpp">
      <Filter>소스 파일\02. Object\Bullet\BulletBridge\Reimu_Bullet\LV1_Bullet</Filter>
    </ClCompile>
    <ClCompile Include="MyButton.cpp">
      <Filter>소스 파일\02. Object\UI\MyButton</Filter>
    </ClCompile>
    <ClCompile Include="LV2_Bullet.cpp">
      <Filter>소스 파일\02. Object\Bullet\BulletBridge\Reimu_Bullet\LV2_Bullet</Filter>
    </ClCompile>
    <ClCompile Include="Yukari_Bullet.cpp">
      <Filter>소스 파일\02. Object\Bullet\BulletBridge\Yukari_Bullet</Filter>
    </ClCompile>
    <ClCompile Include="BackGround.cpp">
      <Filter>소스 파일\02. Object\Stage_Back\BackGround</Filter>
    </ClCompile>
    <ClCompile Include="Stage_Back.cpp">
      <Filter>소스 파일\02. Object\Stage_Back\Stage_Back</Filter>
    </ClCompile>
    <ClCompile Include="BulletBridge.cpp">
      <Filter>소스 파일\02. Object\Bullet\BulletBridge\BaseBridge</Filter>
    </ClCompile>
    <ClCompile Include="Bullet.cpp">
      <Filter>소스 파일\02. Object\Bullet\BaseBullet</Filter>
    </ClCompile>
    <ClCompile Include="Enemy.cpp">
      <Filter>소스 파일\02. Object\Enemy\BaseEnemy</Filter>
    </ClCompile>
    <ClCompile Include="EnemyBridge.cpp">
      <Filter>소스 파일\02. Object\Enemy\EnemyBridge\BaseBridge</Filter>
    </ClCompile>
    <ClCompile Include="FairyEnemy.cpp">
      <Filter>소스 파일\02. Object\Enemy\EnemyBridge\FairyEnemy</Filter>
    </ClCompile>
    <ClCompile Include="Start.cpp">
      <Filter>소스 파일\02. Object\Stage_Back\Start</Filter>
    </ClCompile>
    <ClCompile Include="Boss.cpp">
      <Filter>소스 파일\02. Object\Enemy\EnemyBridge\Boss</Filter>
    </ClCompile>
    <ClCompile Include="Item.cpp">
      <Filter>소스 파일\02. Object\Item\BaseItem</Filter>
    </ClCompile>
    <ClCompile Include="ItemBirdge.cpp">
      <Filter>소스 파일\02. Object\Item\ItemBirdge\BaseBrodge</Filter>
    </ClCompile>
    <ClCompile Include="Power.cpp">
      <Filter>소스 파일\02. Object\Item\ItemBirdge\Power</Filter>
    </ClCompile>
    <ClCompile Include="Boom.cpp">
      <Filter>소스 파일\02. Object\Item\ItemBirdge\Boom</Filter>
    </ClCompile>
    <ClCompile Include="ScoreManager.cpp">
      <Filter>소스 파일\99. Manager\ScoreManager</Filter>
    </ClCompile>
    <ClCompile Include="ScheduleManager.cpp">
      <Filter>소스 파일\02. Object\ScheduleManager</Filter>
    </ClCompile>
    <ClCompile Include="Monster_Bullet.cpp">
      <Filter>소스 파일\02. Object\Bullet\BulletBridge\Monster_Bullet</Filter>
    </ClCompile>
    <ClCompile Include="Ellipse_Bullet.cpp">
      <Filter>소스 파일\02. Object\Bullet\BulletBridge\Ellipse_Bullet</Filter>
    </ClCompile>
    <ClCompile Include="UI_Hp.cpp">
      <Filter>소스 파일\02. Object\UI\UI_Hp</Filter>
    </ClCompile>
    <ClCompile Include="Reimu_Boom.cpp">
      <Filter>소스 파일\02. Object\Bullet\BulletBridge\Reimu_Boom</Filter>
    </ClCompile>
    <ClCompile Include="Chat.cpp">
      <Filter>소스 파일\02. Object\UI\Chat</Filter>
    </ClCompile>
    <ClCompile Include="FairyEnemy1.cpp">
      <Filter>소스 파일\02. Object\Enemy\EnemyBridge\FairyEnemy1</Filter>
    </ClCompile>
    <ClCompile Include="FairyEnemy2.cpp">
      <Filter>소스 파일\02. Object\Enemy\EnemyBridge\FairyEnemy2</Filter>
    </ClCompile>
  </ItemGroup>
  <ItemGroup>
    <ResourceCompile Include="API_Framework.rc">
      <Filter>리소스 파일</Filter>
    </ResourceCompile>
  </ItemGroup>
  <ItemGroup>
    <Image Include="small.ico">
      <Filter>리소스 파일</Filter>
    </Image>
    <Image Include="API_Framework.ico">
      <Filter>리소스 파일</Filter>
    </Image>
  </ItemGroup>
</Project>